
Microsoft Visual Studio Solution File, Format Version 12.00
Project("{FAE04EC0-301F-11D3-BF4B-00C04F79EFBC}") = "Seminar5", "Seminar5\Seminar5.csproj", "{C525B3B5-AF6C-4B70-A57E-2377AEEE7A19}"
EndProject
Project("{FAE04EC0-301F-11D3-BF4B-00C04F79EFBC}") = "Tusk2", "Tusk2\Tusk2.csproj", "{1608BD5A-AE32-427D-B554-6B4C0D6C8000}"
EndProject
Project("{FAE04EC0-301F-11D3-BF4B-00C04F79EFBC}") = "Tusk3", "Tusk3\Tusk3.csproj", "{B609913E-943D-443C-9C54-AE8CCAE54664}"
EndProject
Global
	GlobalSection(SolutionConfigurationPlatforms) = preSolution
		Debug|Any CPU = Debug|Any CPU
		Release|Any CPU = Release|Any CPU
	EndGlobalSection
	GlobalSection(ProjectConfigurationPlatforms) = postSolution
		{C525B3B5-AF6C-4B70-A57E-2377AEEE7A19}.Debug|Any CPU.ActiveCfg = Debug|Any CPU
		{C525B3B5-AF6C-4B70-A57E-2377AEEE7A19}.Debug|Any CPU.Build.0 = Debug|Any CPU
		{C525B3B5-AF6C-4B70-A57E-2377AEEE7A19}.Release|Any CPU.ActiveCfg = Release|Any CPU
		{C525B3B5-AF6C-4B70-A57E-2377AEEE7A19}.Release|Any CPU.Build.0 = Release|Any CPU
		{1608BD5A-AE32-427D-B554-6B4C0D6C8000}.Debug|Any CPU.ActiveCfg = Debug|Any CPU
		{1608BD5A-AE32-427D-B554-6B4C0D6C8000}.Debug|Any CPU.Build.0 = Debug|Any CPU
		{1608BD5A-AE32-427D-B554-6B4C0D6C8000}.Release|Any CPU.ActiveCfg = Release|Any CPU
		{1608BD5A-AE32-427D-B554-6B4C0D6C8000}.Release|Any CPU.Build.0 = Release|Any CPU
		{B609913E-943D-443C-9C54-AE8CCAE54664}.Debug|Any CPU.ActiveCfg = Debug|Any CPU
		{B609913E-943D-443C-9C54-AE8CCAE54664}.Debug|Any CPU.Build.0 = Debug|Any CPU
		{B609913E-943D-443C-9C54-AE8CCAE54664}.Release|Any CPU.ActiveCfg = Release|Any CPU
		{B609913E-943D-443C-9C54-AE8CCAE54664}.Release|Any CPU.Build.0 = Release|Any CPU
	EndGlobalSection
EndGlobal
