
Microsoft Visual Studio Solution File, Format Version 12.00
Project("{FAE04EC0-301F-11D3-BF4B-00C04F79EFBC}") = "SeminarOch2", "SeminarOch2\SeminarOch2.csproj", "{F3153894-9E3F-453F-AC07-2C097FE6BCA1}"
EndProject
Project("{FAE04EC0-301F-11D3-BF4B-00C04F79EFBC}") = "ConsoleApp1", "ConsoleApp1\ConsoleApp1.csproj", "{87B69193-902C-4015-9399-5114FE67661F}"
EndProject
Global
	GlobalSection(SolutionConfigurationPlatforms) = preSolution
		Debug|Any CPU = Debug|Any CPU
		Release|Any CPU = Release|Any CPU
	EndGlobalSection
	GlobalSection(ProjectConfigurationPlatforms) = postSolution
		{F3153894-9E3F-453F-AC07-2C097FE6BCA1}.Debug|Any CPU.ActiveCfg = Debug|Any CPU
		{F3153894-9E3F-453F-AC07-2C097FE6BCA1}.Debug|Any CPU.Build.0 = Debug|Any CPU
		{F3153894-9E3F-453F-AC07-2C097FE6BCA1}.Release|Any CPU.ActiveCfg = Release|Any CPU
		{F3153894-9E3F-453F-AC07-2C097FE6BCA1}.Release|Any CPU.Build.0 = Release|Any CPU
		{87B69193-902C-4015-9399-5114FE67661F}.Debug|Any CPU.ActiveCfg = Debug|Any CPU
		{87B69193-902C-4015-9399-5114FE67661F}.Debug|Any CPU.Build.0 = Debug|Any CPU
		{87B69193-902C-4015-9399-5114FE67661F}.Release|Any CPU.ActiveCfg = Release|Any CPU
		{87B69193-902C-4015-9399-5114FE67661F}.Release|Any CPU.Build.0 = Release|Any CPU
	EndGlobalSection
EndGlobal
