
Microsoft Visual Studio Solution File, Format Version 12.00
Project("{FAE04EC0-301F-11D3-BF4B-00C04F79EFBC}") = "Seminar_8.10", "Seminar_8.10\Seminar_8.10.csproj", "{4C452B16-BAC6-46C2-8749-768B51D5314B}"
EndProject
Global
	GlobalSection(SolutionConfigurationPlatforms) = preSolution
		Debug|Any CPU = Debug|Any CPU
		Release|Any CPU = Release|Any CPU
	EndGlobalSection
	GlobalSection(ProjectConfigurationPlatforms) = postSolution
		{4C452B16-BAC6-46C2-8749-768B51D5314B}.Debug|Any CPU.ActiveCfg = Debug|Any CPU
		{4C452B16-BAC6-46C2-8749-768B51D5314B}.Debug|Any CPU.Build.0 = Debug|Any CPU
		{4C452B16-BAC6-46C2-8749-768B51D5314B}.Release|Any CPU.ActiveCfg = Release|Any CPU
		{4C452B16-BAC6-46C2-8749-768B51D5314B}.Release|Any CPU.Build.0 = Release|Any CPU
	EndGlobalSection
EndGlobal
