
Microsoft Visual Studio Solution File, Format Version 12.00
# Visual Studio Version 16
VisualStudioVersion = 16.0.31624.102
MinimumVisualStudioVersion = 10.0.40219.1
Project("{9A19103F-16F7-4668-BE54-9A1E7A4F7556}") = "Exercise_2", "HomeWork_2\Exercise_2.csproj", "{1B7B54F8-D4FE-4EF0-9180-4B05976FF4F5}"
EndProject
Project("{FAE04EC0-301F-11D3-BF4B-00C04F79EFBC}") = "Exercise_6", "Exercise_6\Exercise_6.csproj", "{DA354EF7-36E1-4547-994F-93E58D1BCE71}"
EndProject
Project("{FAE04EC0-301F-11D3-BF4B-00C04F79EFBC}") = "Exercise_7", "Exercise_7\Exercise_7.csproj", "{03EBDCD4-141C-4124-A4F3-339EAF758ADA}"
EndProject
Global
	GlobalSection(SolutionConfigurationPlatforms) = preSolution
		Debug|Any CPU = Debug|Any CPU
		Release|Any CPU = Release|Any CPU
	EndGlobalSection
	GlobalSection(ProjectConfigurationPlatforms) = postSolution
		{1B7B54F8-D4FE-4EF0-9180-4B05976FF4F5}.Debug|Any CPU.ActiveCfg = Debug|Any CPU
		{1B7B54F8-D4FE-4EF0-9180-4B05976FF4F5}.Debug|Any CPU.Build.0 = Debug|Any CPU
		{1B7B54F8-D4FE-4EF0-9180-4B05976FF4F5}.Release|Any CPU.ActiveCfg = Release|Any CPU
		{1B7B54F8-D4FE-4EF0-9180-4B05976FF4F5}.Release|Any CPU.Build.0 = Release|Any CPU
		{DA354EF7-36E1-4547-994F-93E58D1BCE71}.Debug|Any CPU.ActiveCfg = Debug|Any CPU
		{DA354EF7-36E1-4547-994F-93E58D1BCE71}.Debug|Any CPU.Build.0 = Debug|Any CPU
		{DA354EF7-36E1-4547-994F-93E58D1BCE71}.Release|Any CPU.ActiveCfg = Release|Any CPU
		{DA354EF7-36E1-4547-994F-93E58D1BCE71}.Release|Any CPU.Build.0 = Release|Any CPU
		{03EBDCD4-141C-4124-A4F3-339EAF758ADA}.Debug|Any CPU.ActiveCfg = Debug|Any CPU
		{03EBDCD4-141C-4124-A4F3-339EAF758ADA}.Debug|Any CPU.Build.0 = Debug|Any CPU
		{03EBDCD4-141C-4124-A4F3-339EAF758ADA}.Release|Any CPU.ActiveCfg = Release|Any CPU
		{03EBDCD4-141C-4124-A4F3-339EAF758ADA}.Release|Any CPU.Build.0 = Release|Any CPU
	EndGlobalSection
	GlobalSection(SolutionProperties) = preSolution
		HideSolutionNode = FALSE
	EndGlobalSection
	GlobalSection(ExtensibilityGlobals) = postSolution
		SolutionGuid = {F32ABC69-2E17-4DD7-ADFC-E9056E36FF1F}
	EndGlobalSection
EndGlobal
